
Microsoft Visual Studio Solution File, Format Version 11.00
# Visual Studio 2010
Project("{FAE04EC0-301F-11D3-BF4B-00C04F79EFBC}") = "ExchangeLINQ.SL5", "ExchangeLINQ\ExchangeLINQ.SL5.csproj", "{C83AA7CB-62BF-433C-AAB0-384E8ACA3FF5}"
EndProject
Global
	GlobalSection(SolutionConfigurationPlatforms) = preSolution
		Debug|Any CPU = Debug|Any CPU
		Release|Any CPU = Release|Any CPU
	EndGlobalSection
	GlobalSection(ProjectConfigurationPlatforms) = postSolution
		{C83AA7CB-62BF-433C-AAB0-384E8ACA3FF5}.Debug|Any CPU.ActiveCfg = Debug|Any CPU
		{C83AA7CB-62BF-433C-AAB0-384E8ACA3FF5}.Debug|Any CPU.Build.0 = Debug|Any CPU
		{C83AA7CB-62BF-433C-AAB0-384E8ACA3FF5}.Release|Any CPU.ActiveCfg = Release|Any CPU
		{C83AA7CB-62BF-433C-AAB0-384E8ACA3FF5}.Release|Any CPU.Build.0 = Release|Any CPU
	EndGlobalSection
	GlobalSection(SolutionProperties) = preSolution
		HideSolutionNode = FALSE
	EndGlobalSection
EndGlobal
