
Microsoft Visual Studio Solution File, Format Version 11.00
# Visual Studio 2010
Project("{FAE04EC0-301F-11D3-BF4B-00C04F79EFBC}") = "ExchangeLINQ.SL4", "ExchangeLINQ.SL4\ExchangeLINQ.SL4.csproj", "{DDCF4944-0DED-404E-B678-D0B115D1B3DE}"
EndProject
Global
	GlobalSection(SolutionConfigurationPlatforms) = preSolution
		Debug|Any CPU = Debug|Any CPU
		Release|Any CPU = Release|Any CPU
	EndGlobalSection
	GlobalSection(ProjectConfigurationPlatforms) = postSolution
		{DDCF4944-0DED-404E-B678-D0B115D1B3DE}.Debug|Any CPU.ActiveCfg = Debug|Any CPU
		{DDCF4944-0DED-404E-B678-D0B115D1B3DE}.Debug|Any CPU.Build.0 = Debug|Any CPU
		{DDCF4944-0DED-404E-B678-D0B115D1B3DE}.Release|Any CPU.ActiveCfg = Release|Any CPU
		{DDCF4944-0DED-404E-B678-D0B115D1B3DE}.Release|Any CPU.Build.0 = Release|Any CPU
	EndGlobalSection
	GlobalSection(SolutionProperties) = preSolution
		HideSolutionNode = FALSE
	EndGlobalSection
EndGlobal
